// !$*UTF8*$!
{
	archiveVersion = 1;
	classes = {
	};
	objectVersion = 56;
	objects = {

/* Begin PBXBuildFile section */
		96D667942969814A0010CB72 /* IsolatedArray.swift in Sources */ = {isa = PBXBuildFile; fileRef = 96D667932969814A0010CB72 /* IsolatedArray.swift */; };
		96FF632A29683DEB00B0FF4E /* AppDelegate.swift in Sources */ = {isa = PBXBuildFile; fileRef = 96FF632929683DEB00B0FF4E /* AppDelegate.swift */; };
		96FF632E29683DEB00B0FF4E /* ViewController.swift in Sources */ = {isa = PBXBuildFile; fileRef = 96FF632D29683DEB00B0FF4E /* ViewController.swift */; };
		96FF633329683DED00B0FF4E /* Assets.xcassets in Resources */ = {isa = PBXBuildFile; fileRef = 96FF633229683DED00B0FF4E /* Assets.xcassets */; };
		96FF633629683DED00B0FF4E /* LaunchScreen.storyboard in Resources */ = {isa = PBXBuildFile; fileRef = 96FF633429683DED00B0FF4E /* LaunchScreen.storyboard */; };
		96FF633E29683EC300B0FF4E /* RouteHelper.swift in Sources */ = {isa = PBXBuildFile; fileRef = 96FF633D29683EC300B0FF4E /* RouteHelper.swift */; };
		96FF63402968434F00B0FF4E /* Button.swift in Sources */ = {isa = PBXBuildFile; fileRef = 96FF633F2968434F00B0FF4E /* Button.swift */; };
		96FF63422968442A00B0FF4E /* FileHelper.swift in Sources */ = {isa = PBXBuildFile; fileRef = 96FF63412968442A00B0FF4E /* FileHelper.swift */; };
		96FF63442968481000B0FF4E /* AppConstants.swift in Sources */ = {isa = PBXBuildFile; fileRef = 96FF63432968481000B0FF4E /* AppConstants.swift */; };
		96FF634629684DBB00B0FF4E /* UserDefaults+Extension.swift in Sources */ = {isa = PBXBuildFile; fileRef = 96FF634529684DBB00B0FF4E /* UserDefaults+Extension.swift */; };
/* End PBXBuildFile section */

/* Begin PBXFileReference section */
		96D667932969814A0010CB72 /* IsolatedArray.swift */ = {isa = PBXFileReference; lastKnownFileType = sourcecode.swift; path = IsolatedArray.swift; sourceTree = "<group>"; };
		96FF632629683DEB00B0FF4E /* ImagesToText.app */ = {isa = PBXFileReference; explicitFileType = wrapper.application; includeInIndex = 0; path = ImagesToText.app; sourceTree = BUILT_PRODUCTS_DIR; };
		96FF632929683DEB00B0FF4E /* AppDelegate.swift */ = {isa = PBXFileReference; lastKnownFileType = sourcecode.swift; path = AppDelegate.swift; sourceTree = "<group>"; };
		96FF632D29683DEB00B0FF4E /* ViewController.swift */ = {isa = PBXFileReference; lastKnownFileType = sourcecode.swift; path = ViewController.swift; sourceTree = "<group>"; };
		96FF633229683DED00B0FF4E /* Assets.xcassets */ = {isa = PBXFileReference; lastKnownFileType = folder.assetcatalog; path = Assets.xcassets; sourceTree = "<group>"; };
		96FF633529683DED00B0FF4E /* Base */ = {isa = PBXFileReference; lastKnownFileType = file.storyboard; name = Base; path = Base.lproj/LaunchScreen.storyboard; sourceTree = "<group>"; };
		96FF633729683DED00B0FF4E /* Info.plist */ = {isa = PBXFileReference; lastKnownFileType = text.plist.xml; path = Info.plist; sourceTree = "<group>"; };
		96FF633D29683EC300B0FF4E /* RouteHelper.swift */ = {isa = PBXFileReference; lastKnownFileType = sourcecode.swift; path = RouteHelper.swift; sourceTree = "<group>"; };
		96FF633F2968434F00B0FF4E /* Button.swift */ = {isa = PBXFileReference; lastKnownFileType = sourcecode.swift; path = Button.swift; sourceTree = "<group>"; };
		96FF63412968442A00B0FF4E /* FileHelper.swift */ = {isa = PBXFileReference; lastKnownFileType = sourcecode.swift; path = FileHelper.swift; sourceTree = "<group>"; };
		96FF63432968481000B0FF4E /* AppConstants.swift */ = {isa = PBXFileReference; lastKnownFileType = sourcecode.swift; path = AppConstants.swift; sourceTree = "<group>"; };
		96FF634529684DBB00B0FF4E /* UserDefaults+Extension.swift */ = {isa = PBXFileReference; lastKnownFileType = sourcecode.swift; path = "UserDefaults+Extension.swift"; sourceTree = "<group>"; };
/* End PBXFileReference section */

/* Begin PBXFrameworksBuildPhase section */
		96FF632329683DEB00B0FF4E /* Frameworks */ = {
			isa = PBXFrameworksBuildPhase;
			buildActionMask = 2147483647;
			files = (
			);
			runOnlyForDeploymentPostprocessing = 0;
		};
/* End PBXFrameworksBuildPhase section */

/* Begin PBXGroup section */
		96FF631D29683DEB00B0FF4E = {
			isa = PBXGroup;
			children = (
				96FF632829683DEB00B0FF4E /* ImagesToText */,
				96FF632729683DEB00B0FF4E /* Products */,
			);
			sourceTree = "<group>";
		};
		96FF632729683DEB00B0FF4E /* Products */ = {
			isa = PBXGroup;
			children = (
				96FF632629683DEB00B0FF4E /* ImagesToText.app */,
			);
			name = Products;
			sourceTree = "<group>";
		};
		96FF632829683DEB00B0FF4E /* ImagesToText */ = {
			isa = PBXGroup;
			children = (
				96FF632929683DEB00B0FF4E /* AppDelegate.swift */,
				96FF632D29683DEB00B0FF4E /* ViewController.swift */,
				96FF633229683DED00B0FF4E /* Assets.xcassets */,
				96FF633429683DED00B0FF4E /* LaunchScreen.storyboard */,
				96FF633729683DED00B0FF4E /* Info.plist */,
				96FF633D29683EC300B0FF4E /* RouteHelper.swift */,
				96FF633F2968434F00B0FF4E /* Button.swift */,
				96FF63412968442A00B0FF4E /* FileHelper.swift */,
				96FF63432968481000B0FF4E /* AppConstants.swift */,
				96FF634529684DBB00B0FF4E /* UserDefaults+Extension.swift */,
				96D667932969814A0010CB72 /* IsolatedArray.swift */,
			);
			path = ImagesToText;
			sourceTree = "<group>";
		};
/* End PBXGroup section */

/* Begin PBXNativeTarget section */
		96FF632529683DEB00B0FF4E /* ImagesToText */ = {
			isa = PBXNativeTarget;
			buildConfigurationList = 96FF633A29683DED00B0FF4E /* Build configuration list for PBXNativeTarget "ImagesToText" */;
			buildPhases = (
				96FF632229683DEB00B0FF4E /* Sources */,
				96FF632329683DEB00B0FF4E /* Frameworks */,
				96FF632429683DEB00B0FF4E /* Resources */,
			);
			buildRules = (
			);
			dependencies = (
			);
			name = ImagesToText;
			productName = ImagesToText;
			productReference = 96FF632629683DEB00B0FF4E /* ImagesToText.app */;
			productType = "com.apple.product-type.application";
		};
/* End PBXNativeTarget section */

/* Begin PBXProject section */
		96FF631E29683DEB00B0FF4E /* Project object */ = {
			isa = PBXProject;
			attributes = {
				BuildIndependentTargetsInParallel = 1;
				LastSwiftUpdateCheck = 1400;
				LastUpgradeCheck = 1400;
				TargetAttributes = {
					96FF632529683DEB00B0FF4E = {
						CreatedOnToolsVersion = 14.0.1;
					};
				};
			};
			buildConfigurationList = 96FF632129683DEB00B0FF4E /* Build configuration list for PBXProject "ImagesToText" */;
			compatibilityVersion = "Xcode 14.0";
			developmentRegion = en;
			hasScannedForEncodings = 0;
			knownRegions = (
				en,
				Base,
			);
			mainGroup = 96FF631D29683DEB00B0FF4E;
			productRefGroup = 96FF632729683DEB00B0FF4E /* Products */;
			projectDirPath = "";
			projectRoot = "";
			targets = (
				96FF632529683DEB00B0FF4E /* ImagesToText */,
			);
		};
/* End PBXProject section */

/* Begin PBXResourcesBuildPhase section */
		96FF632429683DEB00B0FF4E /* Resources */ = {
			isa = PBXResourcesBuildPhase;
			buildActionMask = 2147483647;
			files = (
				96FF633629683DED00B0FF4E /* LaunchScreen.storyboard in Resources */,
				96FF633329683DED00B0FF4E /* Assets.xcassets in Resources */,
			);
			runOnlyForDeploymentPostprocessing = 0;
		};
/* End PBXResourcesBuildPhase section */

/* Begin PBXSourcesBuildPhase section */
		96FF632229683DEB00B0FF4E /* Sources */ = {
			isa = PBXSourcesBuildPhase;
			buildActionMask = 2147483647;
			files = (
				96FF63422968442A00B0FF4E /* FileHelper.swift in Sources */,
				96FF63442968481000B0FF4E /* AppConstants.swift in Sources */,
				96FF633E29683EC300B0FF4E /* RouteHelper.swift in Sources */,
				96D667942969814A0010CB72 /* IsolatedArray.swift in Sources */,
				96FF632E29683DEB00B0FF4E /* ViewController.swift in Sources */,
				96FF632A29683DEB00B0FF4E /* AppDelegate.swift in Sources */,
				96FF63402968434F00B0FF4E /* Button.swift in Sources */,
				96FF634629684DBB00B0FF4E /* UserDefaults+Extension.swift in Sources */,
			);
			runOnlyForDeploymentPostprocessing = 0;
		};
/* End PBXSourcesBuildPhase section */

/* Begin PBXVariantGroup section */
		96FF633429683DED00B0FF4E /* LaunchScreen.storyboard */ = {
			isa = PBXVariantGroup;
			children = (
				96FF633529683DED00B0FF4E /* Base */,
			);
			name = LaunchScreen.storyboard;
			sourceTree = "<group>";
		};
/* End PBXVariantGroup section */

/* Begin XCBuildConfiguration section */
		96FF633829683DED00B0FF4E /* Debug */ = {
			isa = XCBuildConfiguration;
			buildSettings = {
				ALWAYS_SEARCH_USER_PATHS = NO;
				CLANG_ANALYZER_NONNULL = YES;
				CLANG_ANALYZER_NUMBER_OBJECT_CONVERSION = YES_AGGRESSIVE;
				CLANG_CXX_LANGUAGE_STANDARD = "gnu++20";
				CLANG_ENABLE_MODULES = YES;
				CLANG_ENABLE_OBJC_ARC = YES;
				CLANG_ENABLE_OBJC_WEAK = YES;
				CLANG_WARN_BLOCK_CAPTURE_AUTORELEASING = YES;
				CLANG_WARN_BOOL_CONVERSION = YES;
				CLANG_WARN_COMMA = YES;
				CLANG_WARN_CONSTANT_CONVERSION = YES;
				CLANG_WARN_DEPRECATED_OBJC_IMPLEMENTATIONS = YES;
				CLANG_WARN_DIRECT_OBJC_ISA_USAGE = YES_ERROR;
				CLANG_WARN_DOCUMENTATION_COMMENTS = YES;
				CLANG_WARN_EMPTY_BODY = YES;
				CLANG_WARN_ENUM_CONVERSION = YES;
				CLANG_WARN_INFINITE_RECURSION = YES;
				CLANG_WARN_INT_CONVERSION = YES;
				CLANG_WARN_NON_LITERAL_NULL_CONVERSION = YES;
				CLANG_WARN_OBJC_IMPLICIT_RETAIN_SELF = YES;
				CLANG_WARN_OBJC_LITERAL_CONVERSION = YES;
				CLANG_WARN_OBJC_ROOT_CLASS = YES_ERROR;
				CLANG_WARN_QUOTED_INCLUDE_IN_FRAMEWORK_HEADER = YES;
				CLANG_WARN_RANGE_LOOP_ANALYSIS = YES;
				CLANG_WARN_STRICT_PROTOTYPES = YES;
				CLANG_WARN_SUSPICIOUS_MOVE = YES;
				CLANG_WARN_UNGUARDED_AVAILABILITY = YES_AGGRESSIVE;
				CLANG_WARN_UNREACHABLE_CODE = YES;
				CLANG_WARN__DUPLICATE_METHOD_MATCH = YES;
				COPY_PHASE_STRIP = NO;
				DEBUG_INFORMATION_FORMAT = dwarf;
				ENABLE_STRICT_OBJC_MSGSEND = YES;
				ENABLE_TESTABILITY = YES;
				GCC_C_LANGUAGE_STANDARD = gnu11;
				GCC_DYNAMIC_NO_PIC = NO;
				GCC_NO_COMMON_BLOCKS = YES;
				GCC_OPTIMIZATION_LEVEL = 0;
				GCC_PREPROCESSOR_DEFINITIONS = (
					"DEBUG=1",
					"$(inherited)",
				);
				GCC_WARN_64_TO_32_BIT_CONVERSION = YES;
				GCC_WARN_ABOUT_RETURN_TYPE = YES_ERROR;
				GCC_WARN_UNDECLARED_SELECTOR = YES;
				GCC_WARN_UNINITIALIZED_AUTOS = YES_AGGRESSIVE;
				GCC_WARN_UNUSED_FUNCTION = YES;
				GCC_WARN_UNUSED_VARIABLE = YES;
				IPHONEOS_DEPLOYMENT_TARGET = 16.0;
				MTL_ENABLE_DEBUG_INFO = INCLUDE_SOURCE;
				MTL_FAST_MATH = YES;
				ONLY_ACTIVE_ARCH = YES;
				SDKROOT = iphoneos;
				SWIFT_ACTIVE_COMPILATION_CONDITIONS = DEBUG;
				SWIFT_OPTIMIZATION_LEVEL = "-Onone";
			};
			name = Debug;
		};
		96FF633929683DED00B0FF4E /* Release */ = {
			isa = XCBuildConfiguration;
			buildSettings = {
				ALWAYS_SEARCH_USER_PATHS = NO;
				CLANG_ANALYZER_NONNULL = YES;
				CLANG_ANALYZER_NUMBER_OBJECT_CONVERSION = YES_AGGRESSIVE;
				CLANG_CXX_LANGUAGE_STANDARD = "gnu++20";
				CLANG_ENABLE_MODULES = YES;
				CLANG_ENABLE_OBJC_ARC = YES;
				CLANG_ENABLE_OBJC_WEAK = YES;
				CLANG_WARN_BLOCK_CAPTURE_AUTORELEASING = YES;
				CLANG_WARN_BOOL_CONVERSION = YES;
				CLANG_WARN_COMMA = YES;
				CLANG_WARN_CONSTANT_CONVERSION = YES;
				CLANG_WARN_DEPRECATED_OBJC_IMPLEMENTATIONS = YES;
				CLANG_WARN_DIRECT_OBJC_ISA_USAGE = YES_ERROR;
				CLANG_WARN_DOCUMENTATION_COMMENTS = YES;
				CLANG_WARN_EMPTY_BODY = YES;
				CLANG_WARN_ENUM_CONVERSION = YES;
				CLANG_WARN_INFINITE_RECURSION = YES;
				CLANG_WARN_INT_CONVERSION = YES;
				CLANG_WARN_NON_LITERAL_NULL_CONVERSION = YES;
				CLANG_WARN_OBJC_IMPLICIT_RETAIN_SELF = YES;
				CLANG_WARN_OBJC_LITERAL_CONVERSION = YES;
				CLANG_WARN_OBJC_ROOT_CLASS = YES_ERROR;
				CLANG_WARN_QUOTED_INCLUDE_IN_FRAMEWORK_HEADER = YES;
				CLANG_WARN_RANGE_LOOP_ANALYSIS = YES;
				CLANG_WARN_STRICT_PROTOTYPES = YES;
				CLANG_WARN_SUSPICIOUS_MOVE = YES;
				CLANG_WARN_UNGUARDED_AVAILABILITY = YES_AGGRESSIVE;
				CLANG_WARN_UNREACHABLE_CODE = YES;
				CLANG_WARN__DUPLICATE_METHOD_MATCH = YES;
				COPY_PHASE_STRIP = NO;
				DEBUG_INFORMATION_FORMAT = "dwarf-with-dsym";
				ENABLE_NS_ASSERTIONS = NO;
				ENABLE_STRICT_OBJC_MSGSEND = YES;
				GCC_C_LANGUAGE_STANDARD = gnu11;
				GCC_NO_COMMON_BLOCKS = YES;
				GCC_WARN_64_TO_32_BIT_CONVERSION = YES;
				GCC_WARN_ABOUT_RETURN_TYPE = YES_ERROR;
				GCC_WARN_UNDECLARED_SELECTOR = YES;
				GCC_WARN_UNINITIALIZED_AUTOS = YES_AGGRESSIVE;
				GCC_WARN_UNUSED_FUNCTION = YES;
				GCC_WARN_UNUSED_VARIABLE = YES;
				IPHONEOS_DEPLOYMENT_TARGET = 16.0;
				MTL_ENABLE_DEBUG_INFO = NO;
				MTL_FAST_MATH = YES;
				SDKROOT = iphoneos;
				SWIFT_COMPILATION_MODE = wholemodule;
				SWIFT_OPTIMIZATION_LEVEL = "-O";
				VALIDATE_PRODUCT = YES;
			};
			name = Release;
		};
		96FF633B29683DED00B0FF4E /* Debug */ = {
			isa = XCBuildConfiguration;
			buildSettings = {
				ASSETCATALOG_COMPILER_APPICON_NAME = AppIcon;
				ASSETCATALOG_COMPILER_GLOBAL_ACCENT_COLOR_NAME = AccentColor;
				"CODE_SIGN_IDENTITY[sdk=iphoneos*]" = "iPhone Developer";
				CODE_SIGN_STYLE = Manual;
				CURRENT_PROJECT_VERSION = 1;
				DEVELOPMENT_TEAM = "";
				"DEVELOPMENT_TEAM[sdk=iphoneos*]" = J8VM9NVFDC;
				GENERATE_INFOPLIST_FILE = YES;
				INFOPLIST_FILE = ImagesToText/Info.plist;
				INFOPLIST_KEY_UIApplicationSupportsIndirectInputEvents = YES;
				INFOPLIST_KEY_UILaunchStoryboardName = LaunchScreen;
				INFOPLIST_KEY_UIMainStoryboardFile = "";
				INFOPLIST_KEY_UISupportedInterfaceOrientations_iPad = "UIInterfaceOrientationPortrait UIInterfaceOrientationPortraitUpsideDown UIInterfaceOrientationLandscapeLeft UIInterfaceOrientationLandscapeRight";
				INFOPLIST_KEY_UISupportedInterfaceOrientations_iPhone = "UIInterfaceOrientationPortrait UIInterfaceOrientationLandscapeLeft UIInterfaceOrientationLandscapeRight";
				IPHONEOS_DEPLOYMENT_TARGET = 14.0;
				LD_RUNPATH_SEARCH_PATHS = (
					"$(inherited)",
					"@executable_path/Frameworks",
				);
				MARKETING_VERSION = 1.0;
				PRODUCT_BUNDLE_IDENTIFIER = com.imaslou.ImagesToText;
				PRODUCT_NAME = "$(TARGET_NAME)";
				PROVISIONING_PROFILE_SPECIFIER = "";
				"PROVISIONING_PROFILE_SPECIFIER[sdk=iphoneos*]" = "Ilya Maslov Wildcard";
				SUPPORTED_PLATFORMS = "iphoneos iphonesimulator";
				SUPPORTS_MACCATALYST = NO;
				SUPPORTS_MAC_DESIGNED_FOR_IPHONE_IPAD = YES;
				SWIFT_EMIT_LOC_STRINGS = YES;
				SWIFT_VERSION = 5.0;
				TARGETED_DEVICE_FAMILY = 1;
			};
			name = Debug;
		};
		96FF633C29683DED00B0FF4E /* Release */ = {
			isa = XCBuildConfiguration;
			buildSettings = {
				ASSETCATALOG_COMPILER_APPICON_NAME = AppIcon;
				ASSETCATALOG_COMPILER_GLOBAL_ACCENT_COLOR_NAME = AccentColor;
				"CODE_SIGN_IDENTITY[sdk=iphoneos*]" = "iPhone Developer";
				CODE_SIGN_STYLE = Manual;
				CURRENT_PROJECT_VERSION = 1;
				DEVELOPMENT_TEAM = "";
				"DEVELOPMENT_TEAM[sdk=iphoneos*]" = J8VM9NVFDC;
				GENERATE_INFOPLIST_FILE = YES;
				INFOPLIST_FILE = ImagesToText/Info.plist;
				INFOPLIST_KEY_UIApplicationSupportsIndirectInputEvents = YES;
				INFOPLIST_KEY_UILaunchStoryboardName = LaunchScreen;
				INFOPLIST_KEY_UIMainStoryboardFile = "";
				INFOPLIST_KEY_UISupportedInterfaceOrientations_iPad = "UIInterfaceOrientationPortrait UIInterfaceOrientationPortraitUpsideDown UIInterfaceOrientationLandscapeLeft UIInterfaceOrientationLandscapeRight";
				INFOPLIST_KEY_UISupportedInterfaceOrientations_iPhone = "UIInterfaceOrientationPortrait UIInterfaceOrientationLandscapeLeft UIInterfaceOrientationLandscapeRight";
				IPHONEOS_DEPLOYMENT_TARGET = 14.0;
				LD_RUNPATH_SEARCH_PATHS = (
					"$(inherited)",
					"@executable_path/Frameworks",
				);
				MARKETING_VERSION = 1.0;
				PRODUCT_BUNDLE_IDENTIFIER = com.imaslou.ImagesToText;
				PRODUCT_NAME = "$(TARGET_NAME)";
				PROVISIONING_PROFILE_SPECIFIER = "";
				"PROVISIONING_PROFILE_SPECIFIER[sdk=iphoneos*]" = "Ilya Maslov Wildcard";
				SUPPORTED_PLATFORMS = "iphoneos iphonesimulator";
				SUPPORTS_MACCATALYST = NO;
				SUPPORTS_MAC_DESIGNED_FOR_IPHONE_IPAD = YES;
				SWIFT_EMIT_LOC_STRINGS = YES;
				SWIFT_VERSION = 5.0;
				TARGETED_DEVICE_FAMILY = 1;
			};
			name = Release;
		};
/* End XCBuildConfiguration section */

/* Begin XCConfigurationList section */
		96FF632129683DEB00B0FF4E /* Build configuration list for PBXProject "ImagesToText" */ = {
			isa = XCConfigurationList;
			buildConfigurations = (
				96FF633829683DED00B0FF4E /* Debug */,
				96FF633929683DED00B0FF4E /* Release */,
			);
			defaultConfigurationIsVisible = 0;
			defaultConfigurationName = Release;
		};
		96FF633A29683DED00B0FF4E /* Build configuration list for PBXNativeTarget "ImagesToText" */ = {
			isa = XCConfigurationList;
			buildConfigurations = (
				96FF633B29683DED00B0FF4E /* Debug */,
				96FF633C29683DED00B0FF4E /* Release */,
			);
			defaultConfigurationIsVisible = 0;
			defaultConfigurationName = Release;
		};
/* End XCConfigurationList section */
	};
	rootObject = 96FF631E29683DEB00B0FF4E /* Project object */;
}
